{
  "name": "playwright-multiple",
  "version": "0.0.68",
  "lockfileVersion": 3,
  "requires": true,
  "packages": {
    "": {
      "name": "playwright-multiple",
      "version": "0.0.68",
      "license": "Apache-2.0",
      "dependencies": {
        "playwright": "1.59.0-alpha-1773608981000",
        "playwright-core": "1.59.0-alpha-1773608981000"
      },
      "bin": {
        "playwright-multiple": "cli.js"
      },
      "engines": {
        "node": ">=18"
      }
    },
    "node_modules/fsevents": {
      "version": "2.3.2",
      "resolved": "https://registry.npmjs.org/fsevents/-/fsevents-2.3.2.tgz",
      "integrity": "sha512-xiqMQR4xAeHTuB9uWm+fFRcIOgKBMiOBP+eXiyT7jsgVCq1bkVygt00oASowB7EdtpOHaaPgKt812P9ab+DDKA==",
      "hasInstallScript": true,
      "license": "MIT",
      "optional": true,
      "os": [
        "darwin"
      ],
      "engines": {
        "node": "^8.16.0 || ^10.6.0 || >=11.0.0"
      }
    },
    "node_modules/playwright": {
      "version": "1.59.0-alpha-1773608981000",
      "resolved": "https://registry.npmjs.org/playwright/-/playwright-1.59.0-alpha-1773608981000.tgz",
      "integrity": "sha512-nb+BzawNj48eH6NdxecsysLuhCAB/p18FG7LLJp3MBfRGUkCAFtax0CFo/BhD+r0V4+0EW7llPK0p4cJQEIwUQ==",
      "license": "Apache-2.0",
      "dependencies": {
        "playwright-core": "1.59.0-alpha-1773608981000"
      },
      "bin": {
        "playwright": "cli.js"
      },
      "engines": {
        "node": ">=18"
      },
      "optionalDependencies": {
        "fsevents": "2.3.2"
      }
    },
    "node_modules/playwright-core": {
      "version": "1.59.0-alpha-1773608981000",
      "resolved": "https://registry.npmjs.org/playwright-core/-/playwright-core-1.59.0-alpha-1773608981000.tgz",
      "integrity": "sha512-w6E5Q0Wleek3Wp7gtlSPGXuKeQ5eg6QPPJNNwgMHQRpkxgqOwgN2mX7x6Z52HJE10HFC88U5HQzOLMbag928Lg==",
      "license": "Apache-2.0",
      "bin": {
        "playwright-core": "cli.js"
      },
      "engines": {
        "node": ">=18"
      }
    },
    "packages/extension": {
      "name": "@playwright/mcp-extension",
      "version": "0.0.68",
      "extraneous": true,
      "license": "Apache-2.0",
      "devDependencies": {
        "@types/chrome": "^0.0.315",
        "@types/react": "^18.2.66",
        "@types/react-dom": "^18.2.22",
        "@vitejs/plugin-react": "^4.0.0",
        "minimist": "^1.2.5",
        "react": "^18.2.0",
        "react-dom": "^18.2.0",
        "typescript": "^5.8.2",
        "vite": "^7.3.1",
        "vite-plugin-static-copy": "^3.1.1"
      },
      "engines": {
        "node": ">=18"
      }
    },
    "packages/playwright-cli-stub": {
      "name": "playwright-cli",
      "version": "0.262.0",
      "extraneous": true,
      "license": "Apache-2.0"
    },
    "packages/playwright-mcp": {
      "name": "playwright-multiple",
      "version": "0.0.68",
      "extraneous": true,
      "license": "Apache-2.0",
      "dependencies": {
        "playwright": "1.59.0-alpha-1773608981000",
        "playwright-core": "1.59.0-alpha-1773608981000"
      },
      "bin": {
        "playwright-multiple": "cli.js"
      },
      "engines": {
        "node": ">=18"
      }
    }
  }
}
